# This file is autogenerated, do not edit; changes may be undone by the next 'dep ensure'.


[[projects]]
  name = "github.com/Sirupsen/logrus"
  packages = ["."]
  revision = "f006c2ac4710855cf0f916dd6b77acf6b048dc6e"
  version = "v1.0.3"

[[projects]]
  branch = "oci-2.6"
  name = "github.com/docker/distribution"
  packages = [".","context","digest","manifest","manifest/manifestlist","manifest/ocischema","manifest/schema2","notifications","reference","registry/api/errcode","registry/api/v2","registry/client","registry/client/auth/challenge","registry/client/transport","registry/storage/cache","registry/storage/cache/memory","uuid"]
  revision = "0c741e88c4fc82e04c2a04d8b9272afe83010d37"
  source = "github.com/owtaylor/distribution"

[[projects]]
  branch = "v2"
  name = "github.com/go-yaml/yaml"
  packages = ["."]
  revision = "eb3733d160e74a9c7e442f435eb3bea458e1d19f"

[[projects]]
  name = "github.com/gorilla/context"
  packages = ["."]
  revision = "1ea25387ff6f684839d82767c1733ff4d4d15d0a"
  version = "v1.1"

[[projects]]
  name = "github.com/gorilla/handlers"
  packages = ["."]
  revision = "a4043c62cc2329bacda331d33fc908ab11ef0ec3"
  version = "v1.2.1"

[[projects]]
  name = "github.com/gorilla/mux"
  packages = ["."]
  revision = "24fca303ac6da784b9e8269f724ddeb0b2eea5e7"
  version = "v1.5.0"

[[projects]]
  branch = "master"
  name = "github.com/lib/pq"
  packages = [".","oid"]
  revision = "e42267488fe361b9dc034be7a6bffef5b195bceb"

[[projects]]
  name = "github.com/opencontainers/go-digest"
  packages = ["."]
  revision = "aa2ec055abd10d26d539eb630a92241b781ce4bc"
  version = "v1.0.0-rc0"

[[projects]]
  name = "github.com/opencontainers/image-spec"
  packages = ["specs-go","specs-go/v1"]
  revision = "ab7389ef9f50030c9b245bc16b981c7ddf192882"
  version = "v1.0.0"

[[projects]]
  branch = "master"
  name = "golang.org/x/crypto"
  packages = ["ssh/terminal"]
  revision = "faadfbdc035307d901e69eea569f5dda451a3ee3"

[[projects]]
  branch = "master"
  name = "golang.org/x/net"
  packages = ["context"]
  revision = "859d1a86bb617c0c20d154590c3c5d3fcb670b07"

[[projects]]
  branch = "master"
  name = "golang.org/x/sys"
  packages = ["unix","windows"]
  revision = "062cd7e4e68206d8bab9b18396626e855c992658"

[solve-meta]
  analyzer-name = "dep"
  analyzer-version = 1
  inputs-digest = "4b7abe4e6f7d1e20c97349b56983dbfb03e1e2e03df9686b79d7b8f2a7903cdd"
  solver-name = "gps-cdcl"
  solver-version = 1
